
Microsoft Visual Studio Solution File, Format Version 12.00
# Visual Studio 15
VisualStudioVersion = 15.0.28307.489
MinimumVisualStudioVersion = 10.0.40219.1
Project("{FAE04EC0-301F-11D3-BF4B-00C04F79EFBC}") = "VILab8", "VILab8\VILab8.csproj", "{165CD292-9664-4636-95E7-34B4ED79D558}"
EndProject
Global
	GlobalSection(SolutionConfigurationPlatforms) = preSolution
		Debug|Any CPU = Debug|Any CPU
		Release|Any CPU = Release|Any CPU
	EndGlobalSection
	GlobalSection(ProjectConfigurationPlatforms) = postSolution
		{165CD292-9664-4636-95E7-34B4ED79D558}.Debug|Any CPU.ActiveCfg = Debug|Any CPU
		{165CD292-9664-4636-95E7-34B4ED79D558}.Debug|Any CPU.Build.0 = Debug|Any CPU
		{165CD292-9664-4636-95E7-34B4ED79D558}.Release|Any CPU.ActiveCfg = Release|Any CPU
		{165CD292-9664-4636-95E7-34B4ED79D558}.Release|Any CPU.Build.0 = Release|Any CPU
	EndGlobalSection
	GlobalSection(SolutionProperties) = preSolution
		HideSolutionNode = FALSE
	EndGlobalSection
	GlobalSection(ExtensibilityGlobals) = postSolution
		SolutionGuid = {399BC3D4-5747-459D-B3F8-B98943BDF9D3}
	EndGlobalSection
EndGlobal
